// !$*UTF8*$!
{
	archiveVersion = 1;
	classes = {
	};
	objectVersion = 46;
	objects = {

/* Begin PBXBuildFile section */
		0D3B7A661C10F6E800074758 /* ColorPicker.swift in Sources */ = {isa = PBXBuildFile; fileRef = 0D3B7A651C10F6E800074758 /* ColorPicker.swift */; };
		0D40B0421C0F799600FBB00A /* AppDelegate.swift in Sources */ = {isa = PBXBuildFile; fileRef = 0D40B0411C0F799600FBB00A /* AppDelegate.swift */; };
		0D40B0441C0F799600FBB00A /* ViewController.swift in Sources */ = {isa = PBXBuildFile; fileRef = 0D40B0431C0F799600FBB00A /* ViewController.swift */; };
		0D40B0471C0F799600FBB00A /* Main.storyboard in Resources */ = {isa = PBXBuildFile; fileRef = 0D40B0451C0F799600FBB00A /* Main.storyboard */; };
		0D40B0491C0F799600FBB00A /* Assets.xcassets in Resources */ = {isa = PBXBuildFile; fileRef = 0D40B0481C0F799600FBB00A /* Assets.xcassets */; };
		0D40B04C1C0F799600FBB00A /* LaunchScreen.storyboard in Resources */ = {isa = PBXBuildFile; fileRef = 0D40B04A1C0F799600FBB00A /* LaunchScreen.storyboard */; };
		0D40B0541C0FA16600FBB00A /* Metal.swift in Sources */ = {isa = PBXBuildFile; fileRef = 0D40B0531C0FA16600FBB00A /* Metal.swift */; };
		0D40B0561C0FA22300FBB00A /* Shaders.metal in Sources */ = {isa = PBXBuildFile; fileRef = 0D40B0551C0FA22300FBB00A /* Shaders.metal */; };
/* End PBXBuildFile section */

/* Begin PBXFileReference section */
		0D3B7A651C10F6E800074758 /* ColorPicker.swift */ = {isa = PBXFileReference; fileEncoding = 4; lastKnownFileType = sourcecode.swift; path = ColorPicker.swift; sourceTree = "<group>"; };
		0D40B03E1C0F799600FBB00A /* MetalPaint.app */ = {isa = PBXFileReference; explicitFileType = wrapper.application; includeInIndex = 0; path = MetalPaint.app; sourceTree = BUILT_PRODUCTS_DIR; };
		0D40B0411C0F799600FBB00A /* AppDelegate.swift */ = {isa = PBXFileReference; lastKnownFileType = sourcecode.swift; path = AppDelegate.swift; sourceTree = "<group>"; };
		0D40B0431C0F799600FBB00A /* ViewController.swift */ = {isa = PBXFileReference; lastKnownFileType = sourcecode.swift; path = ViewController.swift; sourceTree = "<group>"; };
		0D40B0461C0F799600FBB00A /* Base */ = {isa = PBXFileReference; lastKnownFileType = file.storyboard; name = Base; path = Base.lproj/Main.storyboard; sourceTree = "<group>"; };
		0D40B0481C0F799600FBB00A /* Assets.xcassets */ = {isa = PBXFileReference; lastKnownFileType = folder.assetcatalog; path = Assets.xcassets; sourceTree = "<group>"; };
		0D40B04B1C0F799600FBB00A /* Base */ = {isa = PBXFileReference; lastKnownFileType = file.storyboard; name = Base; path = Base.lproj/LaunchScreen.storyboard; sourceTree = "<group>"; };
		0D40B04D1C0F799600FBB00A /* Info.plist */ = {isa = PBXFileReference; lastKnownFileType = text.plist.xml; path = Info.plist; sourceTree = "<group>"; };
		0D40B0531C0FA16600FBB00A /* Metal.swift */ = {isa = PBXFileReference; fileEncoding = 4; lastKnownFileType = sourcecode.swift; path = Metal.swift; sourceTree = "<group>"; };
		0D40B0551C0FA22300FBB00A /* Shaders.metal */ = {isa = PBXFileReference; fileEncoding = 4; lastKnownFileType = sourcecode.metal; path = Shaders.metal; sourceTree = "<group>"; };
/* End PBXFileReference section */

/* Begin PBXFrameworksBuildPhase section */
		0D40B03B1C0F799600FBB00A /* Frameworks */ = {
			isa = PBXFrameworksBuildPhase;
			buildActionMask = 2147483647;
			files = (
			);
			runOnlyForDeploymentPostprocessing = 0;
		};
/* End PBXFrameworksBuildPhase section */

/* Begin PBXGroup section */
		0D40B0351C0F799600FBB00A = {
			isa = PBXGroup;
			children = (
				0D40B0401C0F799600FBB00A /* MetalPaint */,
				0D40B03F1C0F799600FBB00A /* Products */,
			);
			sourceTree = "<group>";
		};
		0D40B03F1C0F799600FBB00A /* Products */ = {
			isa = PBXGroup;
			children = (
				0D40B03E1C0F799600FBB00A /* MetalPaint.app */,
			);
			name = Products;
			sourceTree = "<group>";
		};
		0D40B0401C0F799600FBB00A /* MetalPaint */ = {
			isa = PBXGroup;
			children = (
				0D40B0411C0F799600FBB00A /* AppDelegate.swift */,
				0D40B0431C0F799600FBB00A /* ViewController.swift */,
				0D3B7A651C10F6E800074758 /* ColorPicker.swift */,
				0D40B0531C0FA16600FBB00A /* Metal.swift */,
				0D40B0551C0FA22300FBB00A /* Shaders.metal */,
				0D40B0451C0F799600FBB00A /* Main.storyboard */,
				0D40B0481C0F799600FBB00A /* Assets.xcassets */,
				0D40B04A1C0F799600FBB00A /* LaunchScreen.storyboard */,
				0D40B04D1C0F799600FBB00A /* Info.plist */,
			);
			path = MetalPaint;
			sourceTree = "<group>";
		};
/* End PBXGroup section */

/* Begin PBXNativeTarget section */
		0D40B03D1C0F799600FBB00A /* MetalPaint */ = {
			isa = PBXNativeTarget;
			buildConfigurationList = 0D40B0501C0F799600FBB00A /* Build configuration list for PBXNativeTarget "MetalPaint" */;
			buildPhases = (
				0D40B03A1C0F799600FBB00A /* Sources */,
				0D40B03B1C0F799600FBB00A /* Frameworks */,
				0D40B03C1C0F799600FBB00A /* Resources */,
			);
			buildRules = (
			);
			dependencies = (
			);
			name = MetalPaint;
			productName = MetalPaint;
			productReference = 0D40B03E1C0F799600FBB00A /* MetalPaint.app */;
			productType = "com.apple.product-type.application";
		};
/* End PBXNativeTarget section */

/* Begin PBXProject section */
		0D40B0361C0F799600FBB00A /* Project object */ = {
			isa = PBXProject;
			attributes = {
				LastSwiftUpdateCheck = 0710;
				LastUpgradeCheck = 1020;
				ORGANIZATIONNAME = "Ryder Mackay";
				TargetAttributes = {
					0D40B03D1C0F799600FBB00A = {
						CreatedOnToolsVersion = 7.1.1;
						DevelopmentTeam = J67PW9QQ97;
					};
				};
			};
			buildConfigurationList = 0D40B0391C0F799600FBB00A /* Build configuration list for PBXProject "MetalPaint" */;
			compatibilityVersion = "Xcode 3.2";
			developmentRegion = en;
			hasScannedForEncodings = 0;
			knownRegions = (
				en,
				Base,
			);
			mainGroup = 0D40B0351C0F799600FBB00A;
			productRefGroup = 0D40B03F1C0F799600FBB00A /* Products */;
			projectDirPath = "";
			projectRoot = "";
			targets = (
				0D40B03D1C0F799600FBB00A /* MetalPaint */,
			);
		};
/* End PBXProject section */

/* Begin PBXResourcesBuildPhase section */
		0D40B03C1C0F799600FBB00A /* Resources */ = {
			isa = PBXResourcesBuildPhase;
			buildActionMask = 2147483647;
			files = (
				0D40B04C1C0F799600FBB00A /* LaunchScreen.storyboard in Resources */,
				0D40B0491C0F799600FBB00A /* Assets.xcassets in Resources */,
				0D40B0471C0F799600FBB00A /* Main.storyboard in Resources */,
			);
			runOnlyForDeploymentPostprocessing = 0;
		};
/* End PBXResourcesBuildPhase section */

/* Begin PBXSourcesBuildPhase section */
		0D40B03A1C0F799600FBB00A /* Sources */ = {
			isa = PBXSourcesBuildPhase;
			buildActionMask = 2147483647;
			files = (
				0D40B0561C0FA22300FBB00A /* Shaders.metal in Sources */,
				0D40B0441C0F799600FBB00A /* ViewController.swift in Sources */,
				0D3B7A661C10F6E800074758 /* ColorPicker.swift in Sources */,
				0D40B0541C0FA16600FBB00A /* Metal.swift in Sources */,
				0D40B0421C0F799600FBB00A /* AppDelegate.swift in Sources */,
			);
			runOnlyForDeploymentPostprocessing = 0;
		};
/* End PBXSourcesBuildPhase section */

/* Begin PBXVariantGroup section */
		0D40B0451C0F799600FBB00A /* Main.storyboard */ = {
			isa = PBXVariantGroup;
			children = (
				0D40B0461C0F799600FBB00A /* Base */,
			);
			name = Main.storyboard;
			sourceTree = "<group>";
		};
		0D40B04A1C0F799600FBB00A /* LaunchScreen.storyboard */ = {
			isa = PBXVariantGroup;
			children = (
				0D40B04B1C0F799600FBB00A /* Base */,
			);
			name = LaunchScreen.storyboard;
			sourceTree = "<group>";
		};
/* End PBXVariantGroup section */

/* Begin XCBuildConfiguration section */
		0D40B04E1C0F799600FBB00A /* Debug */ = {
			isa = XCBuildConfiguration;
			buildSettings = {
				ALWAYS_SEARCH_USER_PATHS = NO;
				CLANG_ANALYZER_LOCALIZABILITY_NONLOCALIZED = YES;
				CLANG_CXX_LANGUAGE_STANDARD = "gnu++0x";
				CLANG_CXX_LIBRARY = "libc++";
				CLANG_ENABLE_MODULES = YES;
				CLANG_ENABLE_OBJC_ARC = YES;
				CLANG_WARN_BLOCK_CAPTURE_AUTORELEASING = YES;
				CLANG_WARN_BOOL_CONVERSION = YES;
				CLANG_WARN_COMMA = YES;
				CLANG_WARN_CONSTANT_CONVERSION = YES;
				CLANG_WARN_DEPRECATED_OBJC_IMPLEMENTATIONS = YES;
				CLANG_WARN_DIRECT_OBJC_ISA_USAGE = YES_ERROR;
				CLANG_WARN_EMPTY_BODY = YES;
				CLANG_WARN_ENUM_CONVERSION = YES;
				CLANG_WARN_INFINITE_RECURSION = YES;
				CLANG_WARN_INT_CONVERSION = YES;
				CLANG_WARN_NON_LITERAL_NULL_CONVERSION = YES;
				CLANG_WARN_OBJC_IMPLICIT_RETAIN_SELF = YES;
				CLANG_WARN_OBJC_LITERAL_CONVERSION = YES;
				CLANG_WARN_OBJC_ROOT_CLASS = YES_ERROR;
				CLANG_WARN_RANGE_LOOP_ANALYSIS = YES;
				CLANG_WARN_STRICT_PROTOTYPES = YES;
				CLANG_WARN_SUSPICIOUS_MOVE = YES;
				CLANG_WARN_UNREACHABLE_CODE = YES;
				CLANG_WARN__DUPLICATE_METHOD_MATCH = YES;
				"CODE_SIGN_IDENTITY[sdk=iphoneos*]" = "iPhone Developer";
				COPY_PHASE_STRIP = NO;
				DEBUG_INFORMATION_FORMAT = dwarf;
				ENABLE_STRICT_OBJC_MSGSEND = YES;
				ENABLE_TESTABILITY = YES;
				GCC_C_LANGUAGE_STANDARD = gnu99;
				GCC_DYNAMIC_NO_PIC = NO;
				GCC_NO_COMMON_BLOCKS = YES;
				GCC_OPTIMIZATION_LEVEL = 0;
				GCC_PREPROCESSOR_DEFINITIONS = (
					"DEBUG=1",
					"$(inherited)",
				);
				GCC_WARN_64_TO_32_BIT_CONVERSION = YES;
				GCC_WARN_ABOUT_RETURN_TYPE = YES_ERROR;
				GCC_WARN_UNDECLARED_SELECTOR = YES;
				GCC_WARN_UNINITIALIZED_AUTOS = YES_AGGRESSIVE;
				GCC_WARN_UNUSED_FUNCTION = YES;
				GCC_WARN_UNUSED_VARIABLE = YES;
				IPHONEOS_DEPLOYMENT_TARGET = 12.0;
				MTL_ENABLE_DEBUG_INFO = YES;
				ONLY_ACTIVE_ARCH = YES;
				SDKROOT = iphoneos;
				SWIFT_OPTIMIZATION_LEVEL = "-Onone";
				SWIFT_VERSION = 5.0;
				TARGETED_DEVICE_FAMILY = "1,2";
			};
			name = Debug;
		};
		0D40B04F1C0F799600FBB00A /* Release */ = {
			isa = XCBuildConfiguration;
			buildSettings = {
				ALWAYS_SEARCH_USER_PATHS = NO;
				CLANG_ANALYZER_LOCALIZABILITY_NONLOCALIZED = YES;
				CLANG_CXX_LANGUAGE_STANDARD = "gnu++0x";
				CLANG_CXX_LIBRARY = "libc++";
				CLANG_ENABLE_MODULES = YES;
				CLANG_ENABLE_OBJC_ARC = YES;
				CLANG_WARN_BLOCK_CAPTURE_AUTORELEASING = YES;
				CLANG_WARN_BOOL_CONVERSION = YES;
				CLANG_WARN_COMMA = YES;
				CLANG_WARN_CONSTANT_CONVERSION = YES;
				CLANG_WARN_DEPRECATED_OBJC_IMPLEMENTATIONS = YES;
				CLANG_WARN_DIRECT_OBJC_ISA_USAGE = YES_ERROR;
				CLANG_WARN_EMPTY_BODY = YES;
				CLANG_WARN_ENUM_CONVERSION = YES;
				CLANG_WARN_INFINITE_RECURSION = YES;
				CLANG_WARN_INT_CONVERSION = YES;
				CLANG_WARN_NON_LITERAL_NULL_CONVERSION = YES;
				CLANG_WARN_OBJC_IMPLICIT_RETAIN_SELF = YES;
				CLANG_WARN_OBJC_LITERAL_CONVERSION = YES;
				CLANG_WARN_OBJC_ROOT_CLASS = YES_ERROR;
				CLANG_WARN_RANGE_LOOP_ANALYSIS = YES;
				CLANG_WARN_STRICT_PROTOTYPES = YES;
				CLANG_WARN_SUSPICIOUS_MOVE = YES;
				CLANG_WARN_UNREACHABLE_CODE = YES;
				CLANG_WARN__DUPLICATE_METHOD_MATCH = YES;
				"CODE_SIGN_IDENTITY[sdk=iphoneos*]" = "iPhone Developer";
				COPY_PHASE_STRIP = NO;
				DEBUG_INFORMATION_FORMAT = "dwarf-with-dsym";
				ENABLE_NS_ASSERTIONS = NO;
				ENABLE_STRICT_OBJC_MSGSEND = YES;
				GCC_C_LANGUAGE_STANDARD = gnu99;
				GCC_NO_COMMON_BLOCKS = YES;
				GCC_WARN_64_TO_32_BIT_CONVERSION = YES;
				GCC_WARN_ABOUT_RETURN_TYPE = YES_ERROR;
				GCC_WARN_UNDECLARED_SELECTOR = YES;
				GCC_WARN_UNINITIALIZED_AUTOS = YES_AGGRESSIVE;
				GCC_WARN_UNUSED_FUNCTION = YES;
				GCC_WARN_UNUSED_VARIABLE = YES;
				IPHONEOS_DEPLOYMENT_TARGET = 12.0;
				MTL_ENABLE_DEBUG_INFO = NO;
				SDKROOT = iphoneos;
				SWIFT_COMPILATION_MODE = wholemodule;
				SWIFT_VERSION = 5.0;
				TARGETED_DEVICE_FAMILY = "1,2";
				VALIDATE_PRODUCT = YES;
			};
			name = Release;
		};
		0D40B0511C0F799600FBB00A /* Debug */ = {
			isa = XCBuildConfiguration;
			buildSettings = {
				ASSETCATALOG_COMPILER_APPICON_NAME = AppIcon;
				DEVELOPMENT_TEAM = J67PW9QQ97;
				INFOPLIST_FILE = MetalPaint/Info.plist;
				LD_RUNPATH_SEARCH_PATHS = "$(inherited) @executable_path/Frameworks";
				PRODUCT_BUNDLE_IDENTIFIER = com.rydermackay.MetalPaint;
				PRODUCT_NAME = "$(TARGET_NAME)";
			};
			name = Debug;
		};
		0D40B0521C0F799600FBB00A /* Release */ = {
			isa = XCBuildConfiguration;
			buildSettings = {
				ASSETCATALOG_COMPILER_APPICON_NAME = AppIcon;
				DEVELOPMENT_TEAM = J67PW9QQ97;
				INFOPLIST_FILE = MetalPaint/Info.plist;
				LD_RUNPATH_SEARCH_PATHS = "$(inherited) @executable_path/Frameworks";
				PRODUCT_BUNDLE_IDENTIFIER = com.rydermackay.MetalPaint;
				PRODUCT_NAME = "$(TARGET_NAME)";
			};
			name = Release;
		};
/* End XCBuildConfiguration section */

/* Begin XCConfigurationList section */
		0D40B0391C0F799600FBB00A /* Build configuration list for PBXProject "MetalPaint" */ = {
			isa = XCConfigurationList;
			buildConfigurations = (
				0D40B04E1C0F799600FBB00A /* Debug */,
				0D40B04F1C0F799600FBB00A /* Release */,
			);
			defaultConfigurationIsVisible = 0;
			defaultConfigurationName = Release;
		};
		0D40B0501C0F799600FBB00A /* Build configuration list for PBXNativeTarget "MetalPaint" */ = {
			isa = XCConfigurationList;
			buildConfigurations = (
				0D40B0511C0F799600FBB00A /* Debug */,
				0D40B0521C0F799600FBB00A /* Release */,
			);
			defaultConfigurationIsVisible = 0;
			defaultConfigurationName = Release;
		};
/* End XCConfigurationList section */
	};
	rootObject = 0D40B0361C0F799600FBB00A /* Project object */;
}
